// !$*UTF8*$!
{
	archiveVersion = 1;
	classes = {
	};
	objectVersion = 48;
	objects = {

/* Begin PBXBuildFile section */
		03A46F302002B4CC00AAA37E /* AppDelegate.swift in Sources */ = {isa = PBXBuildFile; fileRef = 03A46F2F2002B4CC00AAA37E /* AppDelegate.swift */; };
		03A46F322002B4CC00AAA37E /* ViewController.swift in Sources */ = {isa = PBXBuildFile; fileRef = 03A46F312002B4CC00AAA37E /* ViewController.swift */; };
		03A46F352002B4CC00AAA37E /* Main.storyboard in Resources */ = {isa = PBXBuildFile; fileRef = 03A46F332002B4CC00AAA37E /* Main.storyboard */; };
		03A46F372002B4CC00AAA37E /* Assets.xcassets in Resources */ = {isa = PBXBuildFile; fileRef = 03A46F362002B4CC00AAA37E /* Assets.xcassets */; };
		03A46F3A2002B4CC00AAA37E /* LaunchScreen.storyboard in Resources */ = {isa = PBXBuildFile; fileRef = 03A46F382002B4CC00AAA37E /* LaunchScreen.storyboard */; };
		03EA45ED2022D9BA00DA4B97 /* ViewControllerTwo.swift in Sources */ = {isa = PBXBuildFile; fileRef = 03EA45EC2022D9BA00DA4B97 /* ViewControllerTwo.swift */; };
/* End PBXBuildFile section */

/* Begin PBXFileReference section */
		03A46F2C2002B4CC00AAA37E /* NoHouse.app */ = {isa = PBXFileReference; explicitFileType = wrapper.application; includeInIndex = 0; path = NoHouse.app; sourceTree = BUILT_PRODUCTS_DIR; };
		03A46F2F2002B4CC00AAA37E /* AppDelegate.swift */ = {isa = PBXFileReference; lastKnownFileType = sourcecode.swift; path = AppDelegate.swift; sourceTree = "<group>"; };
		03A46F312002B4CC00AAA37E /* ViewController.swift */ = {isa = PBXFileReference; lastKnownFileType = sourcecode.swift; path = ViewController.swift; sourceTree = "<group>"; };
		03A46F342002B4CC00AAA37E /* Base */ = {isa = PBXFileReference; lastKnownFileType = file.storyboard; name = Base; path = Base.lproj/Main.storyboard; sourceTree = "<group>"; };
		03A46F362002B4CC00AAA37E /* Assets.xcassets */ = {isa = PBXFileReference; lastKnownFileType = folder.assetcatalog; path = Assets.xcassets; sourceTree = "<group>"; };
		03A46F392002B4CC00AAA37E /* Base */ = {isa = PBXFileReference; lastKnownFileType = file.storyboard; name = Base; path = Base.lproj/LaunchScreen.storyboard; sourceTree = "<group>"; };
		03A46F3B2002B4CC00AAA37E /* Info.plist */ = {isa = PBXFileReference; lastKnownFileType = text.plist.xml; path = Info.plist; sourceTree = "<group>"; };
		03EA45EC2022D9BA00DA4B97 /* ViewControllerTwo.swift */ = {isa = PBXFileReference; lastKnownFileType = sourcecode.swift; path = ViewControllerTwo.swift; sourceTree = "<group>"; };
/* End PBXFileReference section */

/* Begin PBXFrameworksBuildPhase section */
		03A46F292002B4CC00AAA37E /* Frameworks */ = {
			isa = PBXFrameworksBuildPhase;
			buildActionMask = 2147483647;
			files = (
			);
			runOnlyForDeploymentPostprocessing = 0;
		};
/* End PBXFrameworksBuildPhase section */

/* Begin PBXGroup section */
		03A46F232002B4CC00AAA37E = {
			isa = PBXGroup;
			children = (
				03A46F2E2002B4CC00AAA37E /* NoHouse */,
				03A46F2D2002B4CC00AAA37E /* Products */,
			);
			sourceTree = "<group>";
		};
		03A46F2D2002B4CC00AAA37E /* Products */ = {
			isa = PBXGroup;
			children = (
				03A46F2C2002B4CC00AAA37E /* NoHouse.app */,
			);
			name = Products;
			sourceTree = "<group>";
		};
		03A46F2E2002B4CC00AAA37E /* NoHouse */ = {
			isa = PBXGroup;
			children = (
				03A46F2F2002B4CC00AAA37E /* AppDelegate.swift */,
				03A46F332002B4CC00AAA37E /* Main.storyboard */,
				03A46F312002B4CC00AAA37E /* ViewController.swift */,
				03EA45EC2022D9BA00DA4B97 /* ViewControllerTwo.swift */,
				03A46F362002B4CC00AAA37E /* Assets.xcassets */,
				03A46F382002B4CC00AAA37E /* LaunchScreen.storyboard */,
				03A46F3B2002B4CC00AAA37E /* Info.plist */,
			);
			path = NoHouse;
			sourceTree = "<group>";
		};
/* End PBXGroup section */

/* Begin PBXNativeTarget section */
		03A46F2B2002B4CC00AAA37E /* NoHouse */ = {
			isa = PBXNativeTarget;
			buildConfigurationList = 03A46F3E2002B4CC00AAA37E /* Build configuration list for PBXNativeTarget "NoHouse" */;
			buildPhases = (
				03A46F282002B4CC00AAA37E /* Sources */,
				03A46F292002B4CC00AAA37E /* Frameworks */,
				03A46F2A2002B4CC00AAA37E /* Resources */,
			);
			buildRules = (
			);
			dependencies = (
			);
			name = NoHouse;
			productName = NoHouse;
			productReference = 03A46F2C2002B4CC00AAA37E /* NoHouse.app */;
			productType = "com.apple.product-type.application";
		};
/* End PBXNativeTarget section */

/* Begin PBXProject section */
		03A46F242002B4CC00AAA37E /* Project object */ = {
			isa = PBXProject;
			attributes = {
				LastSwiftUpdateCheck = 0920;
				LastUpgradeCheck = 0920;
				ORGANIZATIONNAME = "Jo and Co.";
				TargetAttributes = {
					03A46F2B2002B4CC00AAA37E = {
						CreatedOnToolsVersion = 9.2;
						ProvisioningStyle = Automatic;
					};
				};
			};
			buildConfigurationList = 03A46F272002B4CC00AAA37E /* Build configuration list for PBXProject "NoHouse" */;
			compatibilityVersion = "Xcode 8.0";
			developmentRegion = en;
			hasScannedForEncodings = 0;
			knownRegions = (
				en,
				Base,
			);
			mainGroup = 03A46F232002B4CC00AAA37E;
			productRefGroup = 03A46F2D2002B4CC00AAA37E /* Products */;
			projectDirPath = "";
			projectRoot = "";
			targets = (
				03A46F2B2002B4CC00AAA37E /* NoHouse */,
			);
		};
/* End PBXProject section */

/* Begin PBXResourcesBuildPhase section */
		03A46F2A2002B4CC00AAA37E /* Resources */ = {
			isa = PBXResourcesBuildPhase;
			buildActionMask = 2147483647;
			files = (
				03A46F3A2002B4CC00AAA37E /* LaunchScreen.storyboard in Resources */,
				03A46F372002B4CC00AAA37E /* Assets.xcassets in Resources */,
				03A46F352002B4CC00AAA37E /* Main.storyboard in Resources */,
			);
			runOnlyForDeploymentPostprocessing = 0;
		};
/* End PBXResourcesBuildPhase section */

/* Begin PBXSourcesBuildPhase section */
		03A46F282002B4CC00AAA37E /* Sources */ = {
			isa = PBXSourcesBuildPhase;
			buildActionMask = 2147483647;
			files = (
				03A46F322002B4CC00AAA37E /* ViewController.swift in Sources */,
				03A46F302002B4CC00AAA37E /* AppDelegate.swift in Sources */,
				03EA45ED2022D9BA00DA4B97 /* ViewControllerTwo.swift in Sources */,
			);
			runOnlyForDeploymentPostprocessing = 0;
		};
/* End PBXSourcesBuildPhase section */

/* Begin PBXVariantGroup section */
		03A46F332002B4CC00AAA37E /* Main.storyboard */ = {
			isa = PBXVariantGroup;
			children = (
				03A46F342002B4CC00AAA37E /* Base */,
			);
			name = Main.storyboard;
			sourceTree = "<group>";
		};
		03A46F382002B4CC00AAA37E /* LaunchScreen.storyboard */ = {
			isa = PBXVariantGroup;
			children = (
				03A46F392002B4CC00AAA37E /* Base */,
			);
			name = LaunchScreen.storyboard;
			sourceTree = "<group>";
		};
/* End PBXVariantGroup section */

/* Begin XCBuildConfiguration section */
		03A46F3C2002B4CC00AAA37E /* Debug */ = {
			isa = XCBuildConfiguration;
			buildSettings = {
				ALWAYS_SEARCH_USER_PATHS = NO;
				CLANG_ANALYZER_NONNULL = YES;
				CLANG_ANALYZER_NUMBER_OBJECT_CONVERSION = YES_AGGRESSIVE;
				CLANG_CXX_LANGUAGE_STANDARD = "gnu++14";
				CLANG_CXX_LIBRARY = "libc++";
				CLANG_ENABLE_MODULES = YES;
				CLANG_ENABLE_OBJC_ARC = YES;
				CLANG_WARN_BLOCK_CAPTURE_AUTORELEASING = YES;
				CLANG_WARN_BOOL_CONVERSION = YES;
				CLANG_WARN_COMMA = YES;
				CLANG_WARN_CONSTANT_CONVERSION = YES;
				CLANG_WARN_DIRECT_OBJC_ISA_USAGE = YES_ERROR;
				CLANG_WARN_DOCUMENTATION_COMMENTS = YES;
				CLANG_WARN_EMPTY_BODY = YES;
				CLANG_WARN_ENUM_CONVERSION = YES;
				CLANG_WARN_INFINITE_RECURSION = YES;
				CLANG_WARN_INT_CONVERSION = YES;
				CLANG_WARN_NON_LITERAL_NULL_CONVERSION = YES;
				CLANG_WARN_OBJC_LITERAL_CONVERSION = YES;
				CLANG_WARN_OBJC_ROOT_CLASS = YES_ERROR;
				CLANG_WARN_RANGE_LOOP_ANALYSIS = YES;
				CLANG_WARN_STRICT_PROTOTYPES = YES;
				CLANG_WARN_SUSPICIOUS_MOVE = YES;
				CLANG_WARN_UNGUARDED_AVAILABILITY = YES_AGGRESSIVE;
				CLANG_WARN_UNREACHABLE_CODE = YES;
				CLANG_WARN__DUPLICATE_METHOD_MATCH = YES;
				CODE_SIGN_IDENTITY = "iPhone Developer";
				COPY_PHASE_STRIP = NO;
				DEBUG_INFORMATION_FORMAT = dwarf;
				ENABLE_STRICT_OBJC_MSGSEND = YES;
				ENABLE_TESTABILITY = YES;
				GCC_C_LANGUAGE_STANDARD = gnu11;
				GCC_DYNAMIC_NO_PIC = NO;
				GCC_NO_COMMON_BLOCKS = YES;
				GCC_OPTIMIZATION_LEVEL = 0;
				GCC_PREPROCESSOR_DEFINITIONS = (
					"DEBUG=1",
					"$(inherited)",
				);
				GCC_WARN_64_TO_32_BIT_CONVERSION = YES;
				GCC_WARN_ABOUT_RETURN_TYPE = YES_ERROR;
				GCC_WARN_UNDECLARED_SELECTOR = YES;
				GCC_WARN_UNINITIALIZED_AUTOS = YES_AGGRESSIVE;
				GCC_WARN_UNUSED_FUNCTION = YES;
				GCC_WARN_UNUSED_VARIABLE = YES;
				IPHONEOS_DEPLOYMENT_TARGET = 11.2;
				MTL_ENABLE_DEBUG_INFO = YES;
				ONLY_ACTIVE_ARCH = YES;
				SDKROOT = iphoneos;
				SWIFT_ACTIVE_COMPILATION_CONDITIONS = DEBUG;
				SWIFT_OPTIMIZATION_LEVEL = "-Onone";
			};
			name = Debug;
		};
		03A46F3D2002B4CC00AAA37E /* Release */ = {
			isa = XCBuildConfiguration;
			buildSettings = {
				ALWAYS_SEARCH_USER_PATHS = NO;
				CLANG_ANALYZER_NONNULL = YES;
				CLANG_ANALYZER_NUMBER_OBJECT_CONVERSION = YES_AGGRESSIVE;
				CLANG_CXX_LANGUAGE_STANDARD = "gnu++14";
				CLANG_CXX_LIBRARY = "libc++";
				CLANG_ENABLE_MODULES = YES;
				CLANG_ENABLE_OBJC_ARC = YES;
				CLANG_WARN_BLOCK_CAPTURE_AUTORELEASING = YES;
				CLANG_WARN_BOOL_CONVERSION = YES;
				CLANG_WARN_COMMA = YES;
				CLANG_WARN_CONSTANT_CONVERSION = YES;
				CLANG_WARN_DIRECT_OBJC_ISA_USAGE = YES_ERROR;
				CLANG_WARN_DOCUMENTATION_COMMENTS = YES;
				CLANG_WARN_EMPTY_BODY = YES;
				CLANG_WARN_ENUM_CONVERSION = YES;
				CLANG_WARN_INFINITE_RECURSION = YES;
				CLANG_WARN_INT_CONVERSION = YES;
				CLANG_WARN_NON_LITERAL_NULL_CONVERSION = YES;
				CLANG_WARN_OBJC_LITERAL_CONVERSION = YES;
				CLANG_WARN_OBJC_ROOT_CLASS = YES_ERROR;
				CLANG_WARN_RANGE_LOOP_ANALYSIS = YES;
				CLANG_WARN_STRICT_PROTOTYPES = YES;
				CLANG_WARN_SUSPICIOUS_MOVE = YES;
				CLANG_WARN_UNGUARDED_AVAILABILITY = YES_AGGRESSIVE;
				CLANG_WARN_UNREACHABLE_CODE = YES;
				CLANG_WARN__DUPLICATE_METHOD_MATCH = YES;
				CODE_SIGN_IDENTITY = "iPhone Developer";
				COPY_PHASE_STRIP = NO;
				DEBUG_INFORMATION_FORMAT = "dwarf-with-dsym";
				ENABLE_NS_ASSERTIONS = NO;
				ENABLE_STRICT_OBJC_MSGSEND = YES;
				GCC_C_LANGUAGE_STANDARD = gnu11;
				GCC_NO_COMMON_BLOCKS = YES;
				GCC_WARN_64_TO_32_BIT_CONVERSION = YES;
				GCC_WARN_ABOUT_RETURN_TYPE = YES_ERROR;
				GCC_WARN_UNDECLARED_SELECTOR = YES;
				GCC_WARN_UNINITIALIZED_AUTOS = YES_AGGRESSIVE;
				GCC_WARN_UNUSED_FUNCTION = YES;
				GCC_WARN_UNUSED_VARIABLE = YES;
				IPHONEOS_DEPLOYMENT_TARGET = 11.2;
				MTL_ENABLE_DEBUG_INFO = NO;
				SDKROOT = iphoneos;
				SWIFT_OPTIMIZATION_LEVEL = "-Owholemodule";
				VALIDATE_PRODUCT = YES;
			};
			name = Release;
		};
		03A46F3F2002B4CC00AAA37E /* Debug */ = {
			isa = XCBuildConfiguration;
			buildSettings = {
				ASSETCATALOG_COMPILER_APPICON_NAME = AppIcon;
				CODE_SIGN_STYLE = Automatic;
				DEVELOPMENT_TEAM = Y8LAM279B7;
				INFOPLIST_FILE = NoHouse/Info.plist;
				LD_RUNPATH_SEARCH_PATHS = "$(inherited) @executable_path/Frameworks";
				PRODUCT_BUNDLE_IDENTIFIER = com.joandco.NoHouse;
				PRODUCT_NAME = "$(TARGET_NAME)";
				SWIFT_VERSION = 4.0;
				TARGETED_DEVICE_FAMILY = 1;
			};
			name = Debug;
		};
		03A46F402002B4CC00AAA37E /* Release */ = {
			isa = XCBuildConfiguration;
			buildSettings = {
				ASSETCATALOG_COMPILER_APPICON_NAME = AppIcon;
				CODE_SIGN_STYLE = Automatic;
				DEVELOPMENT_TEAM = Y8LAM279B7;
				INFOPLIST_FILE = NoHouse/Info.plist;
				LD_RUNPATH_SEARCH_PATHS = "$(inherited) @executable_path/Frameworks";
				PRODUCT_BUNDLE_IDENTIFIER = com.joandco.NoHouse;
				PRODUCT_NAME = "$(TARGET_NAME)";
				SWIFT_VERSION = 4.0;
				TARGETED_DEVICE_FAMILY = 1;
			};
			name = Release;
		};
/* End XCBuildConfiguration section */

/* Begin XCConfigurationList section */
		03A46F272002B4CC00AAA37E /* Build configuration list for PBXProject "NoHouse" */ = {
			isa = XCConfigurationList;
			buildConfigurations = (
				03A46F3C2002B4CC00AAA37E /* Debug */,
				03A46F3D2002B4CC00AAA37E /* Release */,
			);
			defaultConfigurationIsVisible = 0;
			defaultConfigurationName = Release;
		};
		03A46F3E2002B4CC00AAA37E /* Build configuration list for PBXNativeTarget "NoHouse" */ = {
			isa = XCConfigurationList;
			buildConfigurations = (
				03A46F3F2002B4CC00AAA37E /* Debug */,
				03A46F402002B4CC00AAA37E /* Release */,
			);
			defaultConfigurationIsVisible = 0;
			defaultConfigurationName = Release;
		};
/* End XCConfigurationList section */
	};
	rootObject = 03A46F242002B4CC00AAA37E /* Project object */;
}
